
Microsoft Visual Studio Solution File, Format Version 12.00
# Visual Studio Version 16
VisualStudioVersion = 16.0.30717.126
MinimumVisualStudioVersion = 10.0.40219.1
Project("{FAE04EC0-301F-11D3-BF4B-00C04F79EFBC}") = "DemoAuth", "DemoAuth\DemoAuth.csproj", "{C6F920C2-2C23-4EC9-9F5A-C5F7C0FDF24E}"
EndProject
Global
	GlobalSection(SolutionConfigurationPlatforms) = preSolution
		Debug|Any CPU = Debug|Any CPU
		Release|Any CPU = Release|Any CPU
	EndGlobalSection
	GlobalSection(ProjectConfigurationPlatforms) = postSolution
		{C6F920C2-2C23-4EC9-9F5A-C5F7C0FDF24E}.Debug|Any CPU.ActiveCfg = Debug|Any CPU
		{C6F920C2-2C23-4EC9-9F5A-C5F7C0FDF24E}.Debug|Any CPU.Build.0 = Debug|Any CPU
		{C6F920C2-2C23-4EC9-9F5A-C5F7C0FDF24E}.Release|Any CPU.ActiveCfg = Release|Any CPU
		{C6F920C2-2C23-4EC9-9F5A-C5F7C0FDF24E}.Release|Any CPU.Build.0 = Release|Any CPU
	EndGlobalSection
	GlobalSection(SolutionProperties) = preSolution
		HideSolutionNode = FALSE
	EndGlobalSection
	GlobalSection(ExtensibilityGlobals) = postSolution
		SolutionGuid = {98F241ED-4BF1-4814-9461-0CC536E44D0B}
	EndGlobalSection
EndGlobal
